
Microsoft Visual Studio Solution File, Format Version 12.00
# Visual Studio 15
VisualStudioVersion = 15.0.26209.0
MinimumVisualStudioVersion = 10.0.40219.1
Project("{FAE04EC0-301F-11D3-BF4B-00C04F79EFBC}") = "TFS2013AccessibilityMonitor", "TFS2013AccessibilityMonitor\TFS2013AccessibilityMonitor.csproj", "{BA39766A-F707-4C61-9FCE-5CB57128355F}"
EndProject
Project("{FAE04EC0-301F-11D3-BF4B-00C04F79EFBC}") = "TFS2013AccessibilityMonitorTest", "TFS2013AccessibilityMonitorTest\TFS2013AccessibilityMonitorTest.csproj", "{88D98AF3-15D2-4CED-AC4B-A944F66FB301}"
EndProject
Project("{FAE04EC0-301F-11D3-BF4B-00C04F79EFBC}") = "VendorChecker", "VendorChecker\VendorChecker.csproj", "{0EBAEFE3-4211-422A-81B2-1796D30871AE}"
EndProject
Global
	GlobalSection(SolutionConfigurationPlatforms) = preSolution
		Debug|Any CPU = Debug|Any CPU
		Debug|x64 = Debug|x64
		Debug|x86 = Debug|x86
		Release|Any CPU = Release|Any CPU
		Release|x64 = Release|x64
		Release|x86 = Release|x86
	EndGlobalSection
	GlobalSection(ProjectConfigurationPlatforms) = postSolution
		{BA39766A-F707-4C61-9FCE-5CB57128355F}.Debug|Any CPU.ActiveCfg = Debug|Any CPU
		{BA39766A-F707-4C61-9FCE-5CB57128355F}.Debug|Any CPU.Build.0 = Debug|Any CPU
		{BA39766A-F707-4C61-9FCE-5CB57128355F}.Debug|x64.ActiveCfg = Debug|Any CPU
		{BA39766A-F707-4C61-9FCE-5CB57128355F}.Debug|x64.Build.0 = Debug|Any CPU
		{BA39766A-F707-4C61-9FCE-5CB57128355F}.Debug|x86.ActiveCfg = Debug|Any CPU
		{BA39766A-F707-4C61-9FCE-5CB57128355F}.Debug|x86.Build.0 = Debug|Any CPU
		{BA39766A-F707-4C61-9FCE-5CB57128355F}.Release|Any CPU.ActiveCfg = Release|Any CPU
		{BA39766A-F707-4C61-9FCE-5CB57128355F}.Release|Any CPU.Build.0 = Release|Any CPU
		{BA39766A-F707-4C61-9FCE-5CB57128355F}.Release|x64.ActiveCfg = Release|Any CPU
		{BA39766A-F707-4C61-9FCE-5CB57128355F}.Release|x64.Build.0 = Release|Any CPU
		{BA39766A-F707-4C61-9FCE-5CB57128355F}.Release|x86.ActiveCfg = Release|Any CPU
		{BA39766A-F707-4C61-9FCE-5CB57128355F}.Release|x86.Build.0 = Release|Any CPU
		{88D98AF3-15D2-4CED-AC4B-A944F66FB301}.Debug|Any CPU.ActiveCfg = Debug|Any CPU
		{88D98AF3-15D2-4CED-AC4B-A944F66FB301}.Debug|Any CPU.Build.0 = Debug|Any CPU
		{88D98AF3-15D2-4CED-AC4B-A944F66FB301}.Debug|x64.ActiveCfg = Debug|Any CPU
		{88D98AF3-15D2-4CED-AC4B-A944F66FB301}.Debug|x64.Build.0 = Debug|Any CPU
		{88D98AF3-15D2-4CED-AC4B-A944F66FB301}.Debug|x86.ActiveCfg = Debug|Any CPU
		{88D98AF3-15D2-4CED-AC4B-A944F66FB301}.Debug|x86.Build.0 = Debug|Any CPU
		{88D98AF3-15D2-4CED-AC4B-A944F66FB301}.Release|Any CPU.ActiveCfg = Release|Any CPU
		{88D98AF3-15D2-4CED-AC4B-A944F66FB301}.Release|Any CPU.Build.0 = Release|Any CPU
		{88D98AF3-15D2-4CED-AC4B-A944F66FB301}.Release|x64.ActiveCfg = Release|Any CPU
		{88D98AF3-15D2-4CED-AC4B-A944F66FB301}.Release|x64.Build.0 = Release|Any CPU
		{88D98AF3-15D2-4CED-AC4B-A944F66FB301}.Release|x86.ActiveCfg = Release|Any CPU
		{88D98AF3-15D2-4CED-AC4B-A944F66FB301}.Release|x86.Build.0 = Release|Any CPU
		{0EBAEFE3-4211-422A-81B2-1796D30871AE}.Debug|Any CPU.ActiveCfg = Debug|Any CPU
		{0EBAEFE3-4211-422A-81B2-1796D30871AE}.Debug|Any CPU.Build.0 = Debug|Any CPU
		{0EBAEFE3-4211-422A-81B2-1796D30871AE}.Debug|x64.ActiveCfg = Debug|Any CPU
		{0EBAEFE3-4211-422A-81B2-1796D30871AE}.Debug|x64.Build.0 = Debug|Any CPU
		{0EBAEFE3-4211-422A-81B2-1796D30871AE}.Debug|x86.ActiveCfg = Debug|Any CPU
		{0EBAEFE3-4211-422A-81B2-1796D30871AE}.Debug|x86.Build.0 = Debug|Any CPU
		{0EBAEFE3-4211-422A-81B2-1796D30871AE}.Release|Any CPU.ActiveCfg = Release|Any CPU
		{0EBAEFE3-4211-422A-81B2-1796D30871AE}.Release|Any CPU.Build.0 = Release|Any CPU
		{0EBAEFE3-4211-422A-81B2-1796D30871AE}.Release|x64.ActiveCfg = Release|Any CPU
		{0EBAEFE3-4211-422A-81B2-1796D30871AE}.Release|x64.Build.0 = Release|Any CPU
		{0EBAEFE3-4211-422A-81B2-1796D30871AE}.Release|x86.ActiveCfg = Release|Any CPU
		{0EBAEFE3-4211-422A-81B2-1796D30871AE}.Release|x86.Build.0 = Release|Any CPU
	EndGlobalSection
	GlobalSection(SolutionProperties) = preSolution
		HideSolutionNode = FALSE
	EndGlobalSection
EndGlobal
